
Microsoft Visual Studio Solution File, Format Version 12.00
# Visual Studio Version 17
VisualStudioVersion = 17.7.34009.444
MinimumVisualStudioVersion = 10.0.40219.1
Project("{9A19103F-16F7-4668-BE54-9A1E7A4F7556}") = "UserService", "UserService\UserService.csproj", "{298A52EF-D155-4AC2-9FD4-006F75CEFDB3}"
EndProject
Project("{9A19103F-16F7-4668-BE54-9A1E7A4F7556}") = "NoteService", "NoteService\NoteService.csproj", "{AC9BD92B-AAAE-4BD3-9F6E-F3E2CC47EE2C}"
EndProject
Project("{9A19103F-16F7-4668-BE54-9A1E7A4F7556}") = "ReminderService", "ReminderService\ReminderService.csproj", "{D3F66A82-FB80-48BF-AAE6-E329373CAC02}"
EndProject
Project("{9A19103F-16F7-4668-BE54-9A1E7A4F7556}") = "ApiGateway", "ApiGateway\ApiGateway.csproj", "{FA205694-4128-4F4D-9523-E6E1D6822672}"
EndProject
Project("{FAE04EC0-301F-11D3-BF4B-00C04F79EFBC}") = "CategoryService", "CategoryService\CategoryService.csproj", "{7DD993E4-1AC7-441C-908D-112B84D05B7E}"
EndProject
Global
	GlobalSection(SolutionConfigurationPlatforms) = preSolution
		Debug|Any CPU = Debug|Any CPU
		Release|Any CPU = Release|Any CPU
	EndGlobalSection
	GlobalSection(ProjectConfigurationPlatforms) = postSolution
		{298A52EF-D155-4AC2-9FD4-006F75CEFDB3}.Debug|Any CPU.ActiveCfg = Debug|Any CPU
		{298A52EF-D155-4AC2-9FD4-006F75CEFDB3}.Debug|Any CPU.Build.0 = Debug|Any CPU
		{298A52EF-D155-4AC2-9FD4-006F75CEFDB3}.Release|Any CPU.ActiveCfg = Release|Any CPU
		{298A52EF-D155-4AC2-9FD4-006F75CEFDB3}.Release|Any CPU.Build.0 = Release|Any CPU
		{AC9BD92B-AAAE-4BD3-9F6E-F3E2CC47EE2C}.Debug|Any CPU.ActiveCfg = Debug|Any CPU
		{AC9BD92B-AAAE-4BD3-9F6E-F3E2CC47EE2C}.Debug|Any CPU.Build.0 = Debug|Any CPU
		{AC9BD92B-AAAE-4BD3-9F6E-F3E2CC47EE2C}.Release|Any CPU.ActiveCfg = Release|Any CPU
		{AC9BD92B-AAAE-4BD3-9F6E-F3E2CC47EE2C}.Release|Any CPU.Build.0 = Release|Any CPU
		{D3F66A82-FB80-48BF-AAE6-E329373CAC02}.Debug|Any CPU.ActiveCfg = Debug|Any CPU
		{D3F66A82-FB80-48BF-AAE6-E329373CAC02}.Debug|Any CPU.Build.0 = Debug|Any CPU
		{D3F66A82-FB80-48BF-AAE6-E329373CAC02}.Release|Any CPU.ActiveCfg = Release|Any CPU
		{D3F66A82-FB80-48BF-AAE6-E329373CAC02}.Release|Any CPU.Build.0 = Release|Any CPU
		{FA205694-4128-4F4D-9523-E6E1D6822672}.Debug|Any CPU.ActiveCfg = Debug|Any CPU
		{FA205694-4128-4F4D-9523-E6E1D6822672}.Debug|Any CPU.Build.0 = Debug|Any CPU
		{FA205694-4128-4F4D-9523-E6E1D6822672}.Release|Any CPU.ActiveCfg = Release|Any CPU
		{FA205694-4128-4F4D-9523-E6E1D6822672}.Release|Any CPU.Build.0 = Release|Any CPU
		{7DD993E4-1AC7-441C-908D-112B84D05B7E}.Debug|Any CPU.ActiveCfg = Debug|Any CPU
		{7DD993E4-1AC7-441C-908D-112B84D05B7E}.Debug|Any CPU.Build.0 = Debug|Any CPU
		{7DD993E4-1AC7-441C-908D-112B84D05B7E}.Release|Any CPU.ActiveCfg = Release|Any CPU
		{7DD993E4-1AC7-441C-908D-112B84D05B7E}.Release|Any CPU.Build.0 = Release|Any CPU
	EndGlobalSection
	GlobalSection(SolutionProperties) = preSolution
		HideSolutionNode = FALSE
	EndGlobalSection
	GlobalSection(ExtensibilityGlobals) = postSolution
		SolutionGuid = {923FC8D2-4B8B-4F36-8ECB-C058F9DBC353}
	EndGlobalSection
EndGlobal
